
Microsoft Visual Studio Solution File, Format Version 12.00
# Visual Studio Version 17
VisualStudioVersion = 17.0.31903.59
MinimumVisualStudioVersion = 10.0.40219.1
Project("{2150E333-8FDC-42A3-9474-1A3956D46DE8}") = "src", "src", "{800AAB31-99C2-4367-A47E-1FAF0EAEC3F3}"
EndProject
Project("{2150E333-8FDC-42A3-9474-1A3956D46DE8}") = "Application", "Application", "{81571D02-F3C8-407A-B85D-FD39993A6012}"
EndProject
Project("{9A19103F-16F7-4668-BE54-9A1E7A4F7556}") = "DoctorFactory.Services", "src\Application\DoctorFactory.Services\DoctorFactory.Services.csproj", "{3CA78F9A-9597-41B0-B221-339D25D7B73D}"
EndProject
Project("{9A19103F-16F7-4668-BE54-9A1E7A4F7556}") = "DoctorFactory.Interfaces", "src\Application\DoctorFactory.Interfaces\DoctorFactory.Interfaces.csproj", "{C5920A8E-8F47-411C-A805-7965CEA6409D}"
EndProject
Project("{2150E333-8FDC-42A3-9474-1A3956D46DE8}") = "Domain", "Domain", "{0A0FC846-DDF5-4E1C-821B-077A909E0D99}"
EndProject
Project("{9A19103F-16F7-4668-BE54-9A1E7A4F7556}") = "DoctorFactory.Domain", "src\Domain\DoctorFactory.Domain\DoctorFactory.Domain.csproj", "{9751036D-2469-4351-98DA-6CE9110E3C79}"
EndProject
Project("{2150E333-8FDC-42A3-9474-1A3956D46DE8}") = "Presentation", "Presentation", "{176F60BF-0F2D-490A-8090-4D2B63326B9A}"
EndProject
Project("{9A19103F-16F7-4668-BE54-9A1E7A4F7556}") = "DoctorFactory.Web", "src\Presentation\DoctorFactory.Web\DoctorFactory.Web.csproj", "{4E88FDA1-9BE1-4B2F-B4AB-A682B415B6FC}"
EndProject
Project("{2150E333-8FDC-42A3-9474-1A3956D46DE8}") = "Infrastructure", "Infrastructure", "{BF0ABBF6-B229-4747-8224-FB97DEF4F498}"
EndProject
Project("{2150E333-8FDC-42A3-9474-1A3956D46DE8}") = "DAL", "DAL", "{09534F98-0407-4427-9FA0-A0FFBC96F00C}"
EndProject
Project("{9A19103F-16F7-4668-BE54-9A1E7A4F7556}") = "DoctorFactory.DAL", "src\Infrastructure\DAL\DoctorFactory.DAL\DoctorFactory.DAL.csproj", "{4513D0BE-0E69-4323-B56C-BF4CAE5536D4}"
EndProject
Project("{9A19103F-16F7-4668-BE54-9A1E7A4F7556}") = "DoctorFactory.SqlServer", "src\Infrastructure\DAL\DoctorFactory.SqlServer\DoctorFactory.SqlServer.csproj", "{CBCEFF37-6902-4D77-AB09-712644D3B1EF}"
EndProject
Global
	GlobalSection(SolutionConfigurationPlatforms) = preSolution
		Debug|Any CPU = Debug|Any CPU
		Release|Any CPU = Release|Any CPU
	EndGlobalSection
	GlobalSection(ProjectConfigurationPlatforms) = postSolution
		{3CA78F9A-9597-41B0-B221-339D25D7B73D}.Debug|Any CPU.ActiveCfg = Debug|Any CPU
		{3CA78F9A-9597-41B0-B221-339D25D7B73D}.Debug|Any CPU.Build.0 = Debug|Any CPU
		{3CA78F9A-9597-41B0-B221-339D25D7B73D}.Release|Any CPU.ActiveCfg = Release|Any CPU
		{3CA78F9A-9597-41B0-B221-339D25D7B73D}.Release|Any CPU.Build.0 = Release|Any CPU
		{C5920A8E-8F47-411C-A805-7965CEA6409D}.Debug|Any CPU.ActiveCfg = Debug|Any CPU
		{C5920A8E-8F47-411C-A805-7965CEA6409D}.Debug|Any CPU.Build.0 = Debug|Any CPU
		{C5920A8E-8F47-411C-A805-7965CEA6409D}.Release|Any CPU.ActiveCfg = Release|Any CPU
		{C5920A8E-8F47-411C-A805-7965CEA6409D}.Release|Any CPU.Build.0 = Release|Any CPU
		{9751036D-2469-4351-98DA-6CE9110E3C79}.Debug|Any CPU.ActiveCfg = Debug|Any CPU
		{9751036D-2469-4351-98DA-6CE9110E3C79}.Debug|Any CPU.Build.0 = Debug|Any CPU
		{9751036D-2469-4351-98DA-6CE9110E3C79}.Release|Any CPU.ActiveCfg = Release|Any CPU
		{9751036D-2469-4351-98DA-6CE9110E3C79}.Release|Any CPU.Build.0 = Release|Any CPU
		{4E88FDA1-9BE1-4B2F-B4AB-A682B415B6FC}.Debug|Any CPU.ActiveCfg = Debug|Any CPU
		{4E88FDA1-9BE1-4B2F-B4AB-A682B415B6FC}.Debug|Any CPU.Build.0 = Debug|Any CPU
		{4E88FDA1-9BE1-4B2F-B4AB-A682B415B6FC}.Release|Any CPU.ActiveCfg = Release|Any CPU
		{4E88FDA1-9BE1-4B2F-B4AB-A682B415B6FC}.Release|Any CPU.Build.0 = Release|Any CPU
		{4513D0BE-0E69-4323-B56C-BF4CAE5536D4}.Debug|Any CPU.ActiveCfg = Debug|Any CPU
		{4513D0BE-0E69-4323-B56C-BF4CAE5536D4}.Debug|Any CPU.Build.0 = Debug|Any CPU
		{4513D0BE-0E69-4323-B56C-BF4CAE5536D4}.Release|Any CPU.ActiveCfg = Release|Any CPU
		{4513D0BE-0E69-4323-B56C-BF4CAE5536D4}.Release|Any CPU.Build.0 = Release|Any CPU
		{CBCEFF37-6902-4D77-AB09-712644D3B1EF}.Debug|Any CPU.ActiveCfg = Debug|Any CPU
		{CBCEFF37-6902-4D77-AB09-712644D3B1EF}.Debug|Any CPU.Build.0 = Debug|Any CPU
		{CBCEFF37-6902-4D77-AB09-712644D3B1EF}.Release|Any CPU.ActiveCfg = Release|Any CPU
		{CBCEFF37-6902-4D77-AB09-712644D3B1EF}.Release|Any CPU.Build.0 = Release|Any CPU
	EndGlobalSection
	GlobalSection(SolutionProperties) = preSolution
		HideSolutionNode = FALSE
	EndGlobalSection
	GlobalSection(NestedProjects) = preSolution
		{81571D02-F3C8-407A-B85D-FD39993A6012} = {800AAB31-99C2-4367-A47E-1FAF0EAEC3F3}
		{3CA78F9A-9597-41B0-B221-339D25D7B73D} = {81571D02-F3C8-407A-B85D-FD39993A6012}
		{C5920A8E-8F47-411C-A805-7965CEA6409D} = {81571D02-F3C8-407A-B85D-FD39993A6012}
		{0A0FC846-DDF5-4E1C-821B-077A909E0D99} = {800AAB31-99C2-4367-A47E-1FAF0EAEC3F3}
		{9751036D-2469-4351-98DA-6CE9110E3C79} = {0A0FC846-DDF5-4E1C-821B-077A909E0D99}
		{176F60BF-0F2D-490A-8090-4D2B63326B9A} = {800AAB31-99C2-4367-A47E-1FAF0EAEC3F3}
		{4E88FDA1-9BE1-4B2F-B4AB-A682B415B6FC} = {176F60BF-0F2D-490A-8090-4D2B63326B9A}
		{BF0ABBF6-B229-4747-8224-FB97DEF4F498} = {800AAB31-99C2-4367-A47E-1FAF0EAEC3F3}
		{09534F98-0407-4427-9FA0-A0FFBC96F00C} = {BF0ABBF6-B229-4747-8224-FB97DEF4F498}
		{4513D0BE-0E69-4323-B56C-BF4CAE5536D4} = {09534F98-0407-4427-9FA0-A0FFBC96F00C}
		{CBCEFF37-6902-4D77-AB09-712644D3B1EF} = {09534F98-0407-4427-9FA0-A0FFBC96F00C}
	EndGlobalSection
	GlobalSection(ExtensibilityGlobals) = postSolution
		SolutionGuid = {FBBC3736-559C-4D49-91D7-0B441D6CD52A}
	EndGlobalSection
EndGlobal
