
Microsoft Visual Studio Solution File, Format Version 12.00
# Visual Studio Version 17
VisualStudioVersion = 17.0.31903.59
MinimumVisualStudioVersion = 10.0.40219.1
Project("{2150E333-8FDC-42A3-9474-1A3956D46DE8}") = "Presentation", "Presentation", "{70B68ACE-0295-4F5B-B86A-6FDB8B0BB0FC}"
EndProject
Project("{9A19103F-16F7-4668-BE54-9A1E7A4F7556}") = "DoctorFactory.Web", "src\Presentation\DoctorFactory.Web\DoctorFactory.Web.csproj", "{21FB19FB-A87A-492F-B3E6-57984EC8B77A}"
EndProject
Global
	GlobalSection(SolutionConfigurationPlatforms) = preSolution
		Debug|Any CPU = Debug|Any CPU
		Release|Any CPU = Release|Any CPU
	EndGlobalSection
	GlobalSection(ProjectConfigurationPlatforms) = postSolution
		{21FB19FB-A87A-492F-B3E6-57984EC8B77A}.Debug|Any CPU.ActiveCfg = Debug|Any CPU
		{21FB19FB-A87A-492F-B3E6-57984EC8B77A}.Debug|Any CPU.Build.0 = Debug|Any CPU
		{21FB19FB-A87A-492F-B3E6-57984EC8B77A}.Release|Any CPU.ActiveCfg = Release|Any CPU
		{21FB19FB-A87A-492F-B3E6-57984EC8B77A}.Release|Any CPU.Build.0 = Release|Any CPU
	EndGlobalSection
	GlobalSection(SolutionProperties) = preSolution
		HideSolutionNode = FALSE
	EndGlobalSection
	GlobalSection(NestedProjects) = preSolution
		{21FB19FB-A87A-492F-B3E6-57984EC8B77A} = {70B68ACE-0295-4F5B-B86A-6FDB8B0BB0FC}
	EndGlobalSection
	GlobalSection(ExtensibilityGlobals) = postSolution
		SolutionGuid = {FBBC3736-559C-4D49-91D7-0B441D6CD52A}
	EndGlobalSection
EndGlobal
